// !$*UTF8*$!
{
	archiveVersion = 1;
	classes = {
	};
	objectVersion = 50;
	objects = {

/* Begin PBXBuildFile section */
		4F6D846B2623551000F6CB69 /* Chapter2Object.m in Sources */ = {isa = PBXBuildFile; fileRef = 4F6D846A2623551000F6CB69 /* Chapter2Object.m */; };
		4F6D8472262359AA00F6CB69 /* Chapter3Object.m in Sources */ = {isa = PBXBuildFile; fileRef = 4F6D8471262359AA00F6CB69 /* Chapter3Object.m */; };
		4F9EB74E26233B0C00634D27 /* Practice_iOS_ConcurrencyApp.swift in Sources */ = {isa = PBXBuildFile; fileRef = 4F9EB74D26233B0C00634D27 /* Practice_iOS_ConcurrencyApp.swift */; };
		4F9EB75226233B0D00634D27 /* Assets.xcassets in Resources */ = {isa = PBXBuildFile; fileRef = 4F9EB75126233B0D00634D27 /* Assets.xcassets */; };
		4F9EB75526233B0D00634D27 /* Preview Assets.xcassets in Resources */ = {isa = PBXBuildFile; fileRef = 4F9EB75426233B0D00634D27 /* Preview Assets.xcassets */; };
		4F9EB75D26233B3A00634D27 /* HomeView.swift in Sources */ = {isa = PBXBuildFile; fileRef = 4F9EB75C26233B3A00634D27 /* HomeView.swift */; };
		4F9EB76126233B7400634D27 /* HomeViewModel.swift in Sources */ = {isa = PBXBuildFile; fileRef = 4F9EB76026233B7400634D27 /* HomeViewModel.swift */; };
		4F9EB76426233BB300634D27 /* Chapter2View.swift in Sources */ = {isa = PBXBuildFile; fileRef = 4F9EB76326233BB300634D27 /* Chapter2View.swift */; };
		4F9EB76626233BF600634D27 /* BaseChapterViewModel.swift in Sources */ = {isa = PBXBuildFile; fileRef = 4F9EB76526233BF600634D27 /* BaseChapterViewModel.swift */; };
		4F9EB76926233C2B00634D27 /* ChapterAction.swift in Sources */ = {isa = PBXBuildFile; fileRef = 4F9EB76826233C2B00634D27 /* ChapterAction.swift */; };
		4F9EB76C26233C7600634D27 /* Chapter2ViewModel.swift in Sources */ = {isa = PBXBuildFile; fileRef = 4F9EB76B26233C7600634D27 /* Chapter2ViewModel.swift */; };
		4F9EB77026233EDE00634D27 /* Chapter3View.swift in Sources */ = {isa = PBXBuildFile; fileRef = 4F9EB76F26233EDE00634D27 /* Chapter3View.swift */; };
		4F9EB77226233EED00634D27 /* Chapter3ViewModel.swift in Sources */ = {isa = PBXBuildFile; fileRef = 4F9EB77126233EED00634D27 /* Chapter3ViewModel.swift */; };
		4FC048D226292E6B0059ECD2 /* Chapter4View.swift in Sources */ = {isa = PBXBuildFile; fileRef = 4FC048D126292E6B0059ECD2 /* Chapter4View.swift */; };
		4FC048D426292E7C0059ECD2 /* Chapter4ViewModel.swift in Sources */ = {isa = PBXBuildFile; fileRef = 4FC048D326292E7C0059ECD2 /* Chapter4ViewModel.swift */; };
		4FEF6822262AE3DF00D68CE3 /* Chapter4Object.m in Sources */ = {isa = PBXBuildFile; fileRef = 4FEF6821262AE3DF00D68CE3 /* Chapter4Object.m */; };
		4FEF6824262AEDD300D68CE3 /* Chapter6View.swift in Sources */ = {isa = PBXBuildFile; fileRef = 4FEF6823262AEDD300D68CE3 /* Chapter6View.swift */; };
		4FEF6826262AEDEE00D68CE3 /* Chapter6ViewModel.swift in Sources */ = {isa = PBXBuildFile; fileRef = 4FEF6825262AEDEE00D68CE3 /* Chapter6ViewModel.swift */; };
		4FEF6828262AF05F00D68CE3 /* Duration.swift in Sources */ = {isa = PBXBuildFile; fileRef = 4FEF6827262AF05F00D68CE3 /* Duration.swift */; };
		4FEF682C262AF4B400D68CE3 /* Chapter2Operation.swift in Sources */ = {isa = PBXBuildFile; fileRef = 4FEF682B262AF4B400D68CE3 /* Chapter2Operation.swift */; };
		4FEF682F262AF4DD00D68CE3 /* Chapter6Object.m in Sources */ = {isa = PBXBuildFile; fileRef = 4FEF682E262AF4DD00D68CE3 /* Chapter6Object.m */; };
		4FEF6831262B311000D68CE3 /* Chapter5ViewModel.swift in Sources */ = {isa = PBXBuildFile; fileRef = 4FEF6830262B311000D68CE3 /* Chapter5ViewModel.swift */; };
		4FEF6833262B312400D68CE3 /* Chapter5View.swift in Sources */ = {isa = PBXBuildFile; fileRef = 4FEF6832262B312400D68CE3 /* Chapter5View.swift */; };
		4FEF6836262B315700D68CE3 /* Chapter5Object.m in Sources */ = {isa = PBXBuildFile; fileRef = 4FEF6835262B315700D68CE3 /* Chapter5Object.m */; };
		4FEF6838262B375D00D68CE3 /* Chapter7View.swift in Sources */ = {isa = PBXBuildFile; fileRef = 4FEF6837262B375D00D68CE3 /* Chapter7View.swift */; };
		4FEF683A262B377100D68CE3 /* Chapter7ViewModel.swift in Sources */ = {isa = PBXBuildFile; fileRef = 4FEF6839262B377100D68CE3 /* Chapter7ViewModel.swift */; };
		4FEF683D262B37A000D68CE3 /* Chapter7Object.m in Sources */ = {isa = PBXBuildFile; fileRef = 4FEF683C262B37A000D68CE3 /* Chapter7Object.m */; };
/* End PBXBuildFile section */

/* Begin PBXFileReference section */
		4F6D84682623550F00F6CB69 /* Practice_iOS_Concurrency-Bridging-Header.h */ = {isa = PBXFileReference; lastKnownFileType = sourcecode.c.h; path = "Practice_iOS_Concurrency-Bridging-Header.h"; sourceTree = "<group>"; };
		4F6D84692623551000F6CB69 /* Chapter2Object.h */ = {isa = PBXFileReference; lastKnownFileType = sourcecode.c.h; path = Chapter2Object.h; sourceTree = "<group>"; };
		4F6D846A2623551000F6CB69 /* Chapter2Object.m */ = {isa = PBXFileReference; lastKnownFileType = sourcecode.c.objc; path = Chapter2Object.m; sourceTree = "<group>"; };
		4F6D8470262359AA00F6CB69 /* Chapter3Object.h */ = {isa = PBXFileReference; lastKnownFileType = sourcecode.c.h; path = Chapter3Object.h; sourceTree = "<group>"; };
		4F6D8471262359AA00F6CB69 /* Chapter3Object.m */ = {isa = PBXFileReference; lastKnownFileType = sourcecode.c.objc; path = Chapter3Object.m; sourceTree = "<group>"; };
		4F9EB74A26233B0C00634D27 /* Practice_iOS_Concurrency.app */ = {isa = PBXFileReference; explicitFileType = wrapper.application; includeInIndex = 0; path = Practice_iOS_Concurrency.app; sourceTree = BUILT_PRODUCTS_DIR; };
		4F9EB74D26233B0C00634D27 /* Practice_iOS_ConcurrencyApp.swift */ = {isa = PBXFileReference; lastKnownFileType = sourcecode.swift; path = Practice_iOS_ConcurrencyApp.swift; sourceTree = "<group>"; };
		4F9EB75126233B0D00634D27 /* Assets.xcassets */ = {isa = PBXFileReference; lastKnownFileType = folder.assetcatalog; path = Assets.xcassets; sourceTree = "<group>"; };
		4F9EB75426233B0D00634D27 /* Preview Assets.xcassets */ = {isa = PBXFileReference; lastKnownFileType = folder.assetcatalog; path = "Preview Assets.xcassets"; sourceTree = "<group>"; };
		4F9EB75626233B0D00634D27 /* Info.plist */ = {isa = PBXFileReference; lastKnownFileType = text.plist.xml; path = Info.plist; sourceTree = "<group>"; };
		4F9EB75C26233B3A00634D27 /* HomeView.swift */ = {isa = PBXFileReference; lastKnownFileType = sourcecode.swift; path = HomeView.swift; sourceTree = "<group>"; };
		4F9EB76026233B7400634D27 /* HomeViewModel.swift */ = {isa = PBXFileReference; lastKnownFileType = sourcecode.swift; path = HomeViewModel.swift; sourceTree = "<group>"; };
		4F9EB76326233BB300634D27 /* Chapter2View.swift */ = {isa = PBXFileReference; lastKnownFileType = sourcecode.swift; path = Chapter2View.swift; sourceTree = "<group>"; };
		4F9EB76526233BF600634D27 /* BaseChapterViewModel.swift */ = {isa = PBXFileReference; lastKnownFileType = sourcecode.swift; path = BaseChapterViewModel.swift; sourceTree = "<group>"; };
		4F9EB76826233C2B00634D27 /* ChapterAction.swift */ = {isa = PBXFileReference; lastKnownFileType = sourcecode.swift; path = ChapterAction.swift; sourceTree = "<group>"; };
		4F9EB76B26233C7600634D27 /* Chapter2ViewModel.swift */ = {isa = PBXFileReference; lastKnownFileType = sourcecode.swift; path = Chapter2ViewModel.swift; sourceTree = "<group>"; };
		4F9EB76F26233EDE00634D27 /* Chapter3View.swift */ = {isa = PBXFileReference; lastKnownFileType = sourcecode.swift; path = Chapter3View.swift; sourceTree = "<group>"; };
		4F9EB77126233EED00634D27 /* Chapter3ViewModel.swift */ = {isa = PBXFileReference; lastKnownFileType = sourcecode.swift; path = Chapter3ViewModel.swift; sourceTree = "<group>"; };
		4FC048D126292E6B0059ECD2 /* Chapter4View.swift */ = {isa = PBXFileReference; lastKnownFileType = sourcecode.swift; path = Chapter4View.swift; sourceTree = "<group>"; };
		4FC048D326292E7C0059ECD2 /* Chapter4ViewModel.swift */ = {isa = PBXFileReference; lastKnownFileType = sourcecode.swift; path = Chapter4ViewModel.swift; sourceTree = "<group>"; };
		4FEF6820262AE3DF00D68CE3 /* Chapter4Object.h */ = {isa = PBXFileReference; lastKnownFileType = sourcecode.c.h; path = Chapter4Object.h; sourceTree = "<group>"; };
		4FEF6821262AE3DF00D68CE3 /* Chapter4Object.m */ = {isa = PBXFileReference; lastKnownFileType = sourcecode.c.objc; path = Chapter4Object.m; sourceTree = "<group>"; };
		4FEF6823262AEDD300D68CE3 /* Chapter6View.swift */ = {isa = PBXFileReference; lastKnownFileType = sourcecode.swift; path = Chapter6View.swift; sourceTree = "<group>"; };
		4FEF6825262AEDEE00D68CE3 /* Chapter6ViewModel.swift */ = {isa = PBXFileReference; lastKnownFileType = sourcecode.swift; path = Chapter6ViewModel.swift; sourceTree = "<group>"; };
		4FEF6827262AF05F00D68CE3 /* Duration.swift */ = {isa = PBXFileReference; lastKnownFileType = sourcecode.swift; path = Duration.swift; sourceTree = "<group>"; };
		4FEF682B262AF4B400D68CE3 /* Chapter2Operation.swift */ = {isa = PBXFileReference; lastKnownFileType = sourcecode.swift; path = Chapter2Operation.swift; sourceTree = "<group>"; };
		4FEF682D262AF4DD00D68CE3 /* Chapter6Object.h */ = {isa = PBXFileReference; lastKnownFileType = sourcecode.c.h; path = Chapter6Object.h; sourceTree = "<group>"; };
		4FEF682E262AF4DD00D68CE3 /* Chapter6Object.m */ = {isa = PBXFileReference; lastKnownFileType = sourcecode.c.objc; path = Chapter6Object.m; sourceTree = "<group>"; };
		4FEF6830262B311000D68CE3 /* Chapter5ViewModel.swift */ = {isa = PBXFileReference; lastKnownFileType = sourcecode.swift; path = Chapter5ViewModel.swift; sourceTree = "<group>"; };
		4FEF6832262B312400D68CE3 /* Chapter5View.swift */ = {isa = PBXFileReference; lastKnownFileType = sourcecode.swift; path = Chapter5View.swift; sourceTree = "<group>"; };
		4FEF6834262B315700D68CE3 /* Chapter5Object.h */ = {isa = PBXFileReference; lastKnownFileType = sourcecode.c.h; path = Chapter5Object.h; sourceTree = "<group>"; };
		4FEF6835262B315700D68CE3 /* Chapter5Object.m */ = {isa = PBXFileReference; lastKnownFileType = sourcecode.c.objc; path = Chapter5Object.m; sourceTree = "<group>"; };
		4FEF6837262B375D00D68CE3 /* Chapter7View.swift */ = {isa = PBXFileReference; lastKnownFileType = sourcecode.swift; path = Chapter7View.swift; sourceTree = "<group>"; };
		4FEF6839262B377100D68CE3 /* Chapter7ViewModel.swift */ = {isa = PBXFileReference; lastKnownFileType = sourcecode.swift; path = Chapter7ViewModel.swift; sourceTree = "<group>"; };
		4FEF683B262B37A000D68CE3 /* Chapter7Object.h */ = {isa = PBXFileReference; lastKnownFileType = sourcecode.c.h; path = Chapter7Object.h; sourceTree = "<group>"; };
		4FEF683C262B37A000D68CE3 /* Chapter7Object.m */ = {isa = PBXFileReference; lastKnownFileType = sourcecode.c.objc; path = Chapter7Object.m; sourceTree = "<group>"; };
/* End PBXFileReference section */

/* Begin PBXFrameworksBuildPhase section */
		4F9EB74726233B0C00634D27 /* Frameworks */ = {
			isa = PBXFrameworksBuildPhase;
			buildActionMask = 2147483647;
			files = (
			);
			runOnlyForDeploymentPostprocessing = 0;
		};
/* End PBXFrameworksBuildPhase section */

/* Begin PBXGroup section */
		4F6D8466262354F300F6CB69 /* ObjC */ = {
			isa = PBXGroup;
			children = (
				4F6D8467262354FB00F6CB69 /* Chapters */,
			);
			path = ObjC;
			sourceTree = "<group>";
		};
		4F6D8467262354FB00F6CB69 /* Chapters */ = {
			isa = PBXGroup;
			children = (
				4F6D84692623551000F6CB69 /* Chapter2Object.h */,
				4F6D846A2623551000F6CB69 /* Chapter2Object.m */,
				4F6D8470262359AA00F6CB69 /* Chapter3Object.h */,
				4F6D8471262359AA00F6CB69 /* Chapter3Object.m */,
				4FEF6820262AE3DF00D68CE3 /* Chapter4Object.h */,
				4FEF6821262AE3DF00D68CE3 /* Chapter4Object.m */,
				4FEF6834262B315700D68CE3 /* Chapter5Object.h */,
				4FEF6835262B315700D68CE3 /* Chapter5Object.m */,
				4FEF682D262AF4DD00D68CE3 /* Chapter6Object.h */,
				4FEF682E262AF4DD00D68CE3 /* Chapter6Object.m */,
				4FEF683B262B37A000D68CE3 /* Chapter7Object.h */,
				4FEF683C262B37A000D68CE3 /* Chapter7Object.m */,
			);
			path = Chapters;
			sourceTree = "<group>";
		};
		4F9EB74126233B0C00634D27 = {
			isa = PBXGroup;
			children = (
				4F9EB74C26233B0C00634D27 /* Practice_iOS_Concurrency */,
				4F9EB74B26233B0C00634D27 /* Products */,
			);
			sourceTree = "<group>";
		};
		4F9EB74B26233B0C00634D27 /* Products */ = {
			isa = PBXGroup;
			children = (
				4F9EB74A26233B0C00634D27 /* Practice_iOS_Concurrency.app */,
			);
			name = Products;
			sourceTree = "<group>";
		};
		4F9EB74C26233B0C00634D27 /* Practice_iOS_Concurrency */ = {
			isa = PBXGroup;
			children = (
				4F6D84682623550F00F6CB69 /* Practice_iOS_Concurrency-Bridging-Header.h */,
				4F6D8466262354F300F6CB69 /* ObjC */,
				4F9EB76726233C1E00634D27 /* Models */,
				4F9EB75F26233B6B00634D27 /* ViewModels */,
				4F9EB75E26233B6300634D27 /* Views */,
				4F9EB74D26233B0C00634D27 /* Practice_iOS_ConcurrencyApp.swift */,
				4F9EB75126233B0D00634D27 /* Assets.xcassets */,
				4F9EB75626233B0D00634D27 /* Info.plist */,
				4F9EB75326233B0D00634D27 /* Preview Content */,
			);
			path = Practice_iOS_Concurrency;
			sourceTree = "<group>";
		};
		4F9EB75326233B0D00634D27 /* Preview Content */ = {
			isa = PBXGroup;
			children = (
				4F9EB75426233B0D00634D27 /* Preview Assets.xcassets */,
			);
			path = "Preview Content";
			sourceTree = "<group>";
		};
		4F9EB75E26233B6300634D27 /* Views */ = {
			isa = PBXGroup;
			children = (
				4F9EB76226233BA700634D27 /* Chapters */,
				4F9EB75C26233B3A00634D27 /* HomeView.swift */,
			);
			path = Views;
			sourceTree = "<group>";
		};
		4F9EB75F26233B6B00634D27 /* ViewModels */ = {
			isa = PBXGroup;
			children = (
				4F9EB76A26233C6B00634D27 /* Chapters */,
				4F9EB76026233B7400634D27 /* HomeViewModel.swift */,
				4F9EB76526233BF600634D27 /* BaseChapterViewModel.swift */,
			);
			path = ViewModels;
			sourceTree = "<group>";
		};
		4F9EB76226233BA700634D27 /* Chapters */ = {
			isa = PBXGroup;
			children = (
				4F9EB76326233BB300634D27 /* Chapter2View.swift */,
				4F9EB76F26233EDE00634D27 /* Chapter3View.swift */,
				4FC048D126292E6B0059ECD2 /* Chapter4View.swift */,
				4FEF6832262B312400D68CE3 /* Chapter5View.swift */,
				4FEF6823262AEDD300D68CE3 /* Chapter6View.swift */,
				4FEF6837262B375D00D68CE3 /* Chapter7View.swift */,
			);
			path = Chapters;
			sourceTree = "<group>";
		};
		4F9EB76726233C1E00634D27 /* Models */ = {
			isa = PBXGroup;
			children = (
				4F9EB76826233C2B00634D27 /* ChapterAction.swift */,
				4FEF6827262AF05F00D68CE3 /* Duration.swift */,
				4FEF682B262AF4B400D68CE3 /* Chapter2Operation.swift */,
			);
			path = Models;
			sourceTree = "<group>";
		};
		4F9EB76A26233C6B00634D27 /* Chapters */ = {
			isa = PBXGroup;
			children = (
				4F9EB76B26233C7600634D27 /* Chapter2ViewModel.swift */,
				4F9EB77126233EED00634D27 /* Chapter3ViewModel.swift */,
				4FC048D326292E7C0059ECD2 /* Chapter4ViewModel.swift */,
				4FEF6830262B311000D68CE3 /* Chapter5ViewModel.swift */,
				4FEF6825262AEDEE00D68CE3 /* Chapter6ViewModel.swift */,
				4FEF6839262B377100D68CE3 /* Chapter7ViewModel.swift */,
			);
			path = Chapters;
			sourceTree = "<group>";
		};
/* End PBXGroup section */

/* Begin PBXNativeTarget section */
		4F9EB74926233B0C00634D27 /* Practice_iOS_Concurrency */ = {
			isa = PBXNativeTarget;
			buildConfigurationList = 4F9EB75926233B0D00634D27 /* Build configuration list for PBXNativeTarget "Practice_iOS_Concurrency" */;
			buildPhases = (
				4F9EB74626233B0C00634D27 /* Sources */,
				4F9EB74726233B0C00634D27 /* Frameworks */,
				4F9EB74826233B0C00634D27 /* Resources */,
			);
			buildRules = (
			);
			dependencies = (
			);
			name = Practice_iOS_Concurrency;
			productName = Practice_iOS_Concurrency;
			productReference = 4F9EB74A26233B0C00634D27 /* Practice_iOS_Concurrency.app */;
			productType = "com.apple.product-type.application";
		};
/* End PBXNativeTarget section */

/* Begin PBXProject section */
		4F9EB74226233B0C00634D27 /* Project object */ = {
			isa = PBXProject;
			attributes = {
				LastSwiftUpdateCheck = 1250;
				LastUpgradeCheck = 1250;
				TargetAttributes = {
					4F9EB74926233B0C00634D27 = {
						CreatedOnToolsVersion = 12.5;
						LastSwiftMigration = 1240;
					};
				};
			};
			buildConfigurationList = 4F9EB74526233B0C00634D27 /* Build configuration list for PBXProject "Practice_iOS_Concurrency" */;
			compatibilityVersion = "Xcode 9.3";
			developmentRegion = en;
			hasScannedForEncodings = 0;
			knownRegions = (
				en,
				Base,
			);
			mainGroup = 4F9EB74126233B0C00634D27;
			productRefGroup = 4F9EB74B26233B0C00634D27 /* Products */;
			projectDirPath = "";
			projectRoot = "";
			targets = (
				4F9EB74926233B0C00634D27 /* Practice_iOS_Concurrency */,
			);
		};
/* End PBXProject section */

/* Begin PBXResourcesBuildPhase section */
		4F9EB74826233B0C00634D27 /* Resources */ = {
			isa = PBXResourcesBuildPhase;
			buildActionMask = 2147483647;
			files = (
				4F9EB75526233B0D00634D27 /* Preview Assets.xcassets in Resources */,
				4F9EB75226233B0D00634D27 /* Assets.xcassets in Resources */,
			);
			runOnlyForDeploymentPostprocessing = 0;
		};
/* End PBXResourcesBuildPhase section */

/* Begin PBXSourcesBuildPhase section */
		4F9EB74626233B0C00634D27 /* Sources */ = {
			isa = PBXSourcesBuildPhase;
			buildActionMask = 2147483647;
			files = (
				4F9EB76426233BB300634D27 /* Chapter2View.swift in Sources */,
				4FEF6822262AE3DF00D68CE3 /* Chapter4Object.m in Sources */,
				4FEF6824262AEDD300D68CE3 /* Chapter6View.swift in Sources */,
				4FC048D426292E7C0059ECD2 /* Chapter4ViewModel.swift in Sources */,
				4FEF682C262AF4B400D68CE3 /* Chapter2Operation.swift in Sources */,
				4F9EB76926233C2B00634D27 /* ChapterAction.swift in Sources */,
				4F9EB77026233EDE00634D27 /* Chapter3View.swift in Sources */,
				4F6D8472262359AA00F6CB69 /* Chapter3Object.m in Sources */,
				4F9EB76C26233C7600634D27 /* Chapter2ViewModel.swift in Sources */,
				4F9EB76626233BF600634D27 /* BaseChapterViewModel.swift in Sources */,
				4F9EB74E26233B0C00634D27 /* Practice_iOS_ConcurrencyApp.swift in Sources */,
				4FEF6833262B312400D68CE3 /* Chapter5View.swift in Sources */,
				4FEF6836262B315700D68CE3 /* Chapter5Object.m in Sources */,
				4FEF6826262AEDEE00D68CE3 /* Chapter6ViewModel.swift in Sources */,
				4FC048D226292E6B0059ECD2 /* Chapter4View.swift in Sources */,
				4F6D846B2623551000F6CB69 /* Chapter2Object.m in Sources */,
				4FEF682F262AF4DD00D68CE3 /* Chapter6Object.m in Sources */,
				4FEF6828262AF05F00D68CE3 /* Duration.swift in Sources */,
				4FEF6838262B375D00D68CE3 /* Chapter7View.swift in Sources */,
				4F9EB77226233EED00634D27 /* Chapter3ViewModel.swift in Sources */,
				4FEF683A262B377100D68CE3 /* Chapter7ViewModel.swift in Sources */,
				4F9EB76126233B7400634D27 /* HomeViewModel.swift in Sources */,
				4FEF6831262B311000D68CE3 /* Chapter5ViewModel.swift in Sources */,
				4F9EB75D26233B3A00634D27 /* HomeView.swift in Sources */,
				4FEF683D262B37A000D68CE3 /* Chapter7Object.m in Sources */,
			);
			runOnlyForDeploymentPostprocessing = 0;
		};
/* End PBXSourcesBuildPhase section */

/* Begin XCBuildConfiguration section */
		4F9EB75726233B0D00634D27 /* Debug */ = {
			isa = XCBuildConfiguration;
			buildSettings = {
				ALWAYS_SEARCH_USER_PATHS = NO;
				CLANG_ANALYZER_NONNULL = YES;
				CLANG_ANALYZER_NUMBER_OBJECT_CONVERSION = YES_AGGRESSIVE;
				CLANG_CXX_LANGUAGE_STANDARD = "gnu++14";
				CLANG_CXX_LIBRARY = "libc++";
				CLANG_ENABLE_MODULES = YES;
				CLANG_ENABLE_OBJC_ARC = YES;
				CLANG_ENABLE_OBJC_WEAK = YES;
				CLANG_WARN_BLOCK_CAPTURE_AUTORELEASING = YES;
				CLANG_WARN_BOOL_CONVERSION = YES;
				CLANG_WARN_COMMA = YES;
				CLANG_WARN_CONSTANT_CONVERSION = YES;
				CLANG_WARN_DEPRECATED_OBJC_IMPLEMENTATIONS = YES;
				CLANG_WARN_DIRECT_OBJC_ISA_USAGE = YES_ERROR;
				CLANG_WARN_DOCUMENTATION_COMMENTS = YES;
				CLANG_WARN_EMPTY_BODY = YES;
				CLANG_WARN_ENUM_CONVERSION = YES;
				CLANG_WARN_INFINITE_RECURSION = YES;
				CLANG_WARN_INT_CONVERSION = YES;
				CLANG_WARN_NON_LITERAL_NULL_CONVERSION = YES;
				CLANG_WARN_OBJC_IMPLICIT_RETAIN_SELF = YES;
				CLANG_WARN_OBJC_LITERAL_CONVERSION = YES;
				CLANG_WARN_OBJC_ROOT_CLASS = YES_ERROR;
				CLANG_WARN_QUOTED_INCLUDE_IN_FRAMEWORK_HEADER = YES;
				CLANG_WARN_RANGE_LOOP_ANALYSIS = YES;
				CLANG_WARN_STRICT_PROTOTYPES = YES;
				CLANG_WARN_SUSPICIOUS_MOVE = YES;
				CLANG_WARN_UNGUARDED_AVAILABILITY = YES_AGGRESSIVE;
				CLANG_WARN_UNREACHABLE_CODE = YES;
				CLANG_WARN__DUPLICATE_METHOD_MATCH = YES;
				COPY_PHASE_STRIP = NO;
				DEBUG_INFORMATION_FORMAT = dwarf;
				ENABLE_STRICT_OBJC_MSGSEND = YES;
				ENABLE_TESTABILITY = YES;
				GCC_C_LANGUAGE_STANDARD = gnu11;
				GCC_DYNAMIC_NO_PIC = NO;
				GCC_NO_COMMON_BLOCKS = YES;
				GCC_OPTIMIZATION_LEVEL = 0;
				GCC_PREPROCESSOR_DEFINITIONS = (
					"DEBUG=1",
					"$(inherited)",
				);
				GCC_WARN_64_TO_32_BIT_CONVERSION = YES;
				GCC_WARN_ABOUT_RETURN_TYPE = YES_ERROR;
				GCC_WARN_UNDECLARED_SELECTOR = YES;
				GCC_WARN_UNINITIALIZED_AUTOS = YES_AGGRESSIVE;
				GCC_WARN_UNUSED_FUNCTION = YES;
				GCC_WARN_UNUSED_VARIABLE = YES;
				IPHONEOS_DEPLOYMENT_TARGET = 14.5;
				MTL_ENABLE_DEBUG_INFO = INCLUDE_SOURCE;
				MTL_FAST_MATH = YES;
				ONLY_ACTIVE_ARCH = YES;
				SDKROOT = iphoneos;
				SWIFT_ACTIVE_COMPILATION_CONDITIONS = DEBUG;
				SWIFT_OPTIMIZATION_LEVEL = "-Onone";
			};
			name = Debug;
		};
		4F9EB75826233B0D00634D27 /* Release */ = {
			isa = XCBuildConfiguration;
			buildSettings = {
				ALWAYS_SEARCH_USER_PATHS = NO;
				CLANG_ANALYZER_NONNULL = YES;
				CLANG_ANALYZER_NUMBER_OBJECT_CONVERSION = YES_AGGRESSIVE;
				CLANG_CXX_LANGUAGE_STANDARD = "gnu++14";
				CLANG_CXX_LIBRARY = "libc++";
				CLANG_ENABLE_MODULES = YES;
				CLANG_ENABLE_OBJC_ARC = YES;
				CLANG_ENABLE_OBJC_WEAK = YES;
				CLANG_WARN_BLOCK_CAPTURE_AUTORELEASING = YES;
				CLANG_WARN_BOOL_CONVERSION = YES;
				CLANG_WARN_COMMA = YES;
				CLANG_WARN_CONSTANT_CONVERSION = YES;
				CLANG_WARN_DEPRECATED_OBJC_IMPLEMENTATIONS = YES;
				CLANG_WARN_DIRECT_OBJC_ISA_USAGE = YES_ERROR;
				CLANG_WARN_DOCUMENTATION_COMMENTS = YES;
				CLANG_WARN_EMPTY_BODY = YES;
				CLANG_WARN_ENUM_CONVERSION = YES;
				CLANG_WARN_INFINITE_RECURSION = YES;
				CLANG_WARN_INT_CONVERSION = YES;
				CLANG_WARN_NON_LITERAL_NULL_CONVERSION = YES;
				CLANG_WARN_OBJC_IMPLICIT_RETAIN_SELF = YES;
				CLANG_WARN_OBJC_LITERAL_CONVERSION = YES;
				CLANG_WARN_OBJC_ROOT_CLASS = YES_ERROR;
				CLANG_WARN_QUOTED_INCLUDE_IN_FRAMEWORK_HEADER = YES;
				CLANG_WARN_RANGE_LOOP_ANALYSIS = YES;
				CLANG_WARN_STRICT_PROTOTYPES = YES;
				CLANG_WARN_SUSPICIOUS_MOVE = YES;
				CLANG_WARN_UNGUARDED_AVAILABILITY = YES_AGGRESSIVE;
				CLANG_WARN_UNREACHABLE_CODE = YES;
				CLANG_WARN__DUPLICATE_METHOD_MATCH = YES;
				COPY_PHASE_STRIP = NO;
				DEBUG_INFORMATION_FORMAT = "dwarf-with-dsym";
				ENABLE_NS_ASSERTIONS = NO;
				ENABLE_STRICT_OBJC_MSGSEND = YES;
				GCC_C_LANGUAGE_STANDARD = gnu11;
				GCC_NO_COMMON_BLOCKS = YES;
				GCC_WARN_64_TO_32_BIT_CONVERSION = YES;
				GCC_WARN_ABOUT_RETURN_TYPE = YES_ERROR;
				GCC_WARN_UNDECLARED_SELECTOR = YES;
				GCC_WARN_UNINITIALIZED_AUTOS = YES_AGGRESSIVE;
				GCC_WARN_UNUSED_FUNCTION = YES;
				GCC_WARN_UNUSED_VARIABLE = YES;
				IPHONEOS_DEPLOYMENT_TARGET = 14.5;
				MTL_ENABLE_DEBUG_INFO = NO;
				MTL_FAST_MATH = YES;
				SDKROOT = iphoneos;
				SWIFT_COMPILATION_MODE = wholemodule;
				SWIFT_OPTIMIZATION_LEVEL = "-O";
				VALIDATE_PRODUCT = YES;
			};
			name = Release;
		};
		4F9EB75A26233B0D00634D27 /* Debug */ = {
			isa = XCBuildConfiguration;
			buildSettings = {
				ASSETCATALOG_COMPILER_APPICON_NAME = AppIcon;
				ASSETCATALOG_COMPILER_GLOBAL_ACCENT_COLOR_NAME = AccentColor;
				CLANG_ENABLE_MODULES = YES;
				CODE_SIGN_STYLE = Automatic;
				DEVELOPMENT_ASSET_PATHS = "\"Practice_iOS_Concurrency/Preview Content\"";
				DEVELOPMENT_TEAM = P53D29U9LJ;
				ENABLE_PREVIEWS = YES;
				INFOPLIST_FILE = Practice_iOS_Concurrency/Info.plist;
				IPHONEOS_DEPLOYMENT_TARGET = 14.0;
				LD_RUNPATH_SEARCH_PATHS = (
					"$(inherited)",
					"@executable_path/Frameworks",
				);
				PRODUCT_BUNDLE_IDENTIFIER = "com.pookjw.Practice-iOS-Concurrency";
				PRODUCT_NAME = "$(TARGET_NAME)";
				SWIFT_OBJC_BRIDGING_HEADER = "Practice_iOS_Concurrency/Practice_iOS_Concurrency-Bridging-Header.h";
				SWIFT_OPTIMIZATION_LEVEL = "-Onone";
				SWIFT_VERSION = 5.0;
				TARGETED_DEVICE_FAMILY = "1,2";
			};
			name = Debug;
		};
		4F9EB75B26233B0D00634D27 /* Release */ = {
			isa = XCBuildConfiguration;
			buildSettings = {
				ASSETCATALOG_COMPILER_APPICON_NAME = AppIcon;
				ASSETCATALOG_COMPILER_GLOBAL_ACCENT_COLOR_NAME = AccentColor;
				CLANG_ENABLE_MODULES = YES;
				CODE_SIGN_STYLE = Automatic;
				DEVELOPMENT_ASSET_PATHS = "\"Practice_iOS_Concurrency/Preview Content\"";
				DEVELOPMENT_TEAM = P53D29U9LJ;
				ENABLE_PREVIEWS = YES;
				INFOPLIST_FILE = Practice_iOS_Concurrency/Info.plist;
				IPHONEOS_DEPLOYMENT_TARGET = 14.0;
				LD_RUNPATH_SEARCH_PATHS = (
					"$(inherited)",
					"@executable_path/Frameworks",
				);
				PRODUCT_BUNDLE_IDENTIFIER = "com.pookjw.Practice-iOS-Concurrency";
				PRODUCT_NAME = "$(TARGET_NAME)";
				SWIFT_OBJC_BRIDGING_HEADER = "Practice_iOS_Concurrency/Practice_iOS_Concurrency-Bridging-Header.h";
				SWIFT_VERSION = 5.0;
				TARGETED_DEVICE_FAMILY = "1,2";
			};
			name = Release;
		};
/* End XCBuildConfiguration section */

/* Begin XCConfigurationList section */
		4F9EB74526233B0C00634D27 /* Build configuration list for PBXProject "Practice_iOS_Concurrency" */ = {
			isa = XCConfigurationList;
			buildConfigurations = (
				4F9EB75726233B0D00634D27 /* Debug */,
				4F9EB75826233B0D00634D27 /* Release */,
			);
			defaultConfigurationIsVisible = 0;
			defaultConfigurationName = Release;
		};
		4F9EB75926233B0D00634D27 /* Build configuration list for PBXNativeTarget "Practice_iOS_Concurrency" */ = {
			isa = XCConfigurationList;
			buildConfigurations = (
				4F9EB75A26233B0D00634D27 /* Debug */,
				4F9EB75B26233B0D00634D27 /* Release */,
			);
			defaultConfigurationIsVisible = 0;
			defaultConfigurationName = Release;
		};
/* End XCConfigurationList section */
	};
	rootObject = 4F9EB74226233B0C00634D27 /* Project object */;
}
